<Solution>
  <Folder Name="/Loaders/" />
  <Folder Name="/Loaders/Dotnet/">
    <Project Path="Loaders/Dotnet/Polyplug.Loaders.Dotnet.csproj" />
  </Folder>
  <Folder Name="/Loaders/Js/">
    <Project Path="Loaders/Js/Polyplug.Loaders.Js.csproj" />
  </Folder>
  <Folder Name="/Loaders/JsDeno/">
    <Project Path="Loaders/JsDeno/Polyplug.Loaders.JsDeno.csproj" />
  </Folder>
  <Folder Name="/Loaders/Lua/">
    <Project Path="Loaders/Lua/Polyplug.Loaders.Lua.csproj" />
  </Folder>
  <Folder Name="/Loaders/Native/">
    <Project Path="Loaders/Native/Polyplug.Loaders.Native.csproj" />
  </Folder>
  <Folder Name="/Loaders/Python/">
    <Project Path="Loaders/Python/Polyplug.Loaders.Python.csproj" />
  </Folder>
  <Project Path="Polyplug/Polyplug.csproj" />
</Solution>
